
Microsoft Visual Studio Solution File, Format Version 12.00
# Visual Studio Version 16
VisualStudioVersion = 16.0.31112.23
MinimumVisualStudioVersion = 10.0.40219.1
Project("{2150E333-8FDC-42A3-9474-1A3956D46DE8}") = "src", "src", "{A2A1C75E-A90E-496C-B85C-18451CF8F7B7}"
EndProject
Project("{2150E333-8FDC-42A3-9474-1A3956D46DE8}") = "Domínio", "Domínio", "{2FA589A8-0D5E-4362-BB4D-250499CD2589}"
EndProject
Project("{2150E333-8FDC-42A3-9474-1A3956D46DE8}") = "Infra", "Infra", "{64A89B6C-1C04-453E-AE31-7C075C579303}"
EndProject
Project("{2150E333-8FDC-42A3-9474-1A3956D46DE8}") = "WebVendas", "WebVendas", "{8417EB69-0488-434E-AD9C-71577159BB57}"
EndProject
Project("{9A19103F-16F7-4668-BE54-9A1E7A4F7556}") = "WebVendas", "src\WebVendas\WebVendas\WebVendas.csproj", "{75E6865D-B286-4829-AE4A-1672DA16FB97}"
EndProject
Project("{FAE04EC0-301F-11D3-BF4B-00C04F79EFBC}") = "Dominio", "src\Domínio\Dominio\Dominio.csproj", "{B698E0DB-5658-4588-A643-785EF7C1EFA8}"
EndProject
Project("{FAE04EC0-301F-11D3-BF4B-00C04F79EFBC}") = "Infra", "src\Infra\Infra\Infra.csproj", "{BA8E9EDE-BA94-4FC6-B7A0-1CBB2C713B2E}"
EndProject
Global
	GlobalSection(SolutionConfigurationPlatforms) = preSolution
		Debug|Any CPU = Debug|Any CPU
		Release|Any CPU = Release|Any CPU
	EndGlobalSection
	GlobalSection(ProjectConfigurationPlatforms) = postSolution
		{75E6865D-B286-4829-AE4A-1672DA16FB97}.Debug|Any CPU.ActiveCfg = Debug|Any CPU
		{75E6865D-B286-4829-AE4A-1672DA16FB97}.Debug|Any CPU.Build.0 = Debug|Any CPU
		{75E6865D-B286-4829-AE4A-1672DA16FB97}.Release|Any CPU.ActiveCfg = Release|Any CPU
		{75E6865D-B286-4829-AE4A-1672DA16FB97}.Release|Any CPU.Build.0 = Release|Any CPU
		{B698E0DB-5658-4588-A643-785EF7C1EFA8}.Debug|Any CPU.ActiveCfg = Debug|Any CPU
		{B698E0DB-5658-4588-A643-785EF7C1EFA8}.Debug|Any CPU.Build.0 = Debug|Any CPU
		{B698E0DB-5658-4588-A643-785EF7C1EFA8}.Release|Any CPU.ActiveCfg = Release|Any CPU
		{B698E0DB-5658-4588-A643-785EF7C1EFA8}.Release|Any CPU.Build.0 = Release|Any CPU
		{BA8E9EDE-BA94-4FC6-B7A0-1CBB2C713B2E}.Debug|Any CPU.ActiveCfg = Debug|Any CPU
		{BA8E9EDE-BA94-4FC6-B7A0-1CBB2C713B2E}.Debug|Any CPU.Build.0 = Debug|Any CPU
		{BA8E9EDE-BA94-4FC6-B7A0-1CBB2C713B2E}.Release|Any CPU.ActiveCfg = Release|Any CPU
		{BA8E9EDE-BA94-4FC6-B7A0-1CBB2C713B2E}.Release|Any CPU.Build.0 = Release|Any CPU
	EndGlobalSection
	GlobalSection(SolutionProperties) = preSolution
		HideSolutionNode = FALSE
	EndGlobalSection
	GlobalSection(NestedProjects) = preSolution
		{2FA589A8-0D5E-4362-BB4D-250499CD2589} = {A2A1C75E-A90E-496C-B85C-18451CF8F7B7}
		{64A89B6C-1C04-453E-AE31-7C075C579303} = {A2A1C75E-A90E-496C-B85C-18451CF8F7B7}
		{8417EB69-0488-434E-AD9C-71577159BB57} = {A2A1C75E-A90E-496C-B85C-18451CF8F7B7}
		{75E6865D-B286-4829-AE4A-1672DA16FB97} = {8417EB69-0488-434E-AD9C-71577159BB57}
		{B698E0DB-5658-4588-A643-785EF7C1EFA8} = {2FA589A8-0D5E-4362-BB4D-250499CD2589}
		{BA8E9EDE-BA94-4FC6-B7A0-1CBB2C713B2E} = {64A89B6C-1C04-453E-AE31-7C075C579303}
	EndGlobalSection
	GlobalSection(ExtensibilityGlobals) = postSolution
		SolutionGuid = {978067C0-3301-4900-B7D7-01D2BB1E4441}
	EndGlobalSection
EndGlobal
